{
    "_readme": [
        "This file locks the dependencies of your project to a known state",
        "Read more about it at https://getcomposer.org/doc/01-basic-usage.md#composer-lock-the-lock-file",
        "This file is @generated automatically"
    ],
    "hash": "8c7adeac6fac8190ac50ce72432c6294",
    "content-hash": "39257917727784613098c353a5e7b522",
    "packages": [
        {
            "name": "exeu/apai-io",
            "version": "1.10.0",
            "source": {
                "type": "git",
                "url": "https://github.com/Exeu/apai-io.git",
                "reference": "d8a0009a262d77f96eeb6deb930b3ab0562d1ac3"
            },
            "dist": {
                "type": "zip",
                "url": "https://api.github.com/repos/Exeu/apai-io/zipball/d8a0009a262d77f96eeb6deb930b3ab0562d1ac3",
                "reference": "d8a0009a262d77f96eeb6deb930b3ab0562d1ac3",
                "shasum": ""
            },
            "require": {
                "ext-curl": "*",
                "php": ">=5.3.0"
            },
            "require-dev": {
                "mayflower/php-codebrowser": "1.*",
                "pdepend/pdepend": "2.*",
                "phploc/phploc": "2.*",
                "phpmd/phpmd": "2.*",
                "phpunit/phpunit": "4.5.*",
                "sebastian/phpcpd": "2.*",
                "squizlabs/php_codesniffer": "2.*"
            },
            "type": "library",
            "autoload": {
                "psr-0": {
                    "ApaiIO": "lib/"
                }
            },
            "notification-url": "https://packagist.org/downloads/",
            "license": [
                "Apache-2.0"
            ],
            "authors": [
                {
                    "name": "Jan Eichhorn",
                    "email": "exeu65@googlemail.com",
                    "role": "Maintainer"
                },
                {
                    "name": "Dejan Spasic",
                    "email": "dejan.spasic@bitweise.biz",
                    "role": "Developer"
                }
            ],
            "description": "Amazon Product Advertising PHP Library",
            "homepage": "https://github.com/Exeu/apai-io",
            "keywords": [
                "ECS",
                "Product Advertising",
                "amazon",
                "products",
                "rest",
                "soap"
            ],
            "time": "2016-03-08 07:37:18"
        }
    ],
    "packages-dev": [],
    "aliases": [],
    "minimum-stability": "stable",
    "stability-flags": [],
    "prefer-stable": false,
    "prefer-lowest": false,
    "platform": [],
    "platform-dev": []
}
